
Microsoft Visual Studio Solution File, Format Version 12.00
# Visual Studio Version 16
VisualStudioVersion = 16.0.31105.61
MinimumVisualStudioVersion = 10.0.40219.1
Project("{FAE04EC0-301F-11D3-BF4B-00C04F79EFBC}") = "OOP_Lab_5", "OOP_Lab_5\OOP_Lab_5.csproj", "{9771B9CA-7A0B-4F1D-B48E-1EE987A8510A}"
EndProject
Global
	GlobalSection(SolutionConfigurationPlatforms) = preSolution
		Debug|Any CPU = Debug|Any CPU
		Release|Any CPU = Release|Any CPU
	EndGlobalSection
	GlobalSection(ProjectConfigurationPlatforms) = postSolution
		{9771B9CA-7A0B-4F1D-B48E-1EE987A8510A}.Debug|Any CPU.ActiveCfg = Debug|Any CPU
		{9771B9CA-7A0B-4F1D-B48E-1EE987A8510A}.Debug|Any CPU.Build.0 = Debug|Any CPU
		{9771B9CA-7A0B-4F1D-B48E-1EE987A8510A}.Release|Any CPU.ActiveCfg = Release|Any CPU
		{9771B9CA-7A0B-4F1D-B48E-1EE987A8510A}.Release|Any CPU.Build.0 = Release|Any CPU
	EndGlobalSection
	GlobalSection(SolutionProperties) = preSolution
		HideSolutionNode = FALSE
	EndGlobalSection
	GlobalSection(ExtensibilityGlobals) = postSolution
		SolutionGuid = {D6507DDF-3C2E-4B15-BB07-37E0EFB58DEA}
	EndGlobalSection
EndGlobal
